{
	"requires": true,
	"lockfileVersion": 1,
	"dependencies": {
		"@polymer/lit-element": {
			"version": "0.6.0-dev.5",
			"resolved": "https://registry.npmjs.org/@polymer/lit-element/-/lit-element-0.6.0-dev.5.tgz",
			"integrity": "sha512-vyricj8hhNDk0CAAUfUu0+A/7sYbq4F9Uqd6Ydd10EsuT396SAbCkggMR/jgVvqxVCZCCJTcY/MASFblacg7aQ==",
			"requires": {
				"lit-html": ">=0.11.0-dev.3 <2.0.0"
			},
			"dependencies": {
				"lit-html": {
					"version": "0.11.0-dev.3",
					"resolved": "https://registry.npmjs.org/lit-html/-/lit-html-0.11.0-dev.3.tgz",
					"integrity": "sha512-09R9oPFVSuVeQPCOkzeocquh9Ut/9zNGUzjiI8Vo4kw0pluShOZckJzO9z2PagB4/Vh2VBx/LYq1Osm8FHLovA=="
				}
			}
		}
	}
}
